<?xml version="1.0" encoding="utf-8"?>
<Project ToolsVersion="4.0" xmlns="http://schemas.microsoft.com/developer/msbuild/2003">
  <ItemGroup>
    <Filter Include="src">
      <UniqueIdentifier>{7a093af8-5ea5-4d42-a63d-998bf1907104}</UniqueIdentifier>
    </Filter>
    <Filter Include="header">
      <UniqueIdentifier>{f4a958ab-2716-4d59-aa15-e81ed826dbef}</UniqueIdentifier>
    </Filter>
  </ItemGroup>
  <ItemGroup>
    <ClInclude Include="header\CServer.h">
      <Filter>header</Filter>
    </ClInclude>
    <ClInclude Include="header\CGenericMonitor.h">
      <Filter>header</Filter>
    </ClInclude>
  </ItemGroup>
  <ItemGroup>
    <ClCompile Include="src\main.cpp">
      <Filter>src</Filter>
    </ClCompile>
    <ClCompile Include="src\CServer.cpp">
      <Filter>src</Filter>
    </ClCompile>
  </ItemGroup>
</Project>